
Microsoft Visual Studio Solution File, Format Version 12.00
# Visual Studio 14
VisualStudioVersion = 14.0.25420.1
MinimumVisualStudioVersion = 10.0.40219.1
Project("{FAE04EC0-301F-11D3-BF4B-00C04F79EFBC}") = "MovieRentalDatabase", "MovieRentalDatabase\MovieRentalDatabase.csproj", "{24822525-4772-4B53-80E7-370251A86431}"
EndProject
Project("{FAE04EC0-301F-11D3-BF4B-00C04F79EFBC}") = "RentalMovieGUI", "RentalMovieGUI\RentalMovieGUI.csproj", "{80ACFEBA-7FAD-4D4F-9FE0-F2DF589FC1AD}"
EndProject
Project("{FAE04EC0-301F-11D3-BF4B-00C04F79EFBC}") = "MovieRentalDatabaseServer", "MovieRentalDatabaseServer\MovieRentalDatabaseServer.csproj", "{620758B3-FD3F-4684-B608-EB65E53E24FA}"
EndProject
Global
	GlobalSection(SolutionConfigurationPlatforms) = preSolution
		Debug|Any CPU = Debug|Any CPU
		Release|Any CPU = Release|Any CPU
	EndGlobalSection
	GlobalSection(ProjectConfigurationPlatforms) = postSolution
		{24822525-4772-4B53-80E7-370251A86431}.Debug|Any CPU.ActiveCfg = Debug|Any CPU
		{24822525-4772-4B53-80E7-370251A86431}.Debug|Any CPU.Build.0 = Debug|Any CPU
		{24822525-4772-4B53-80E7-370251A86431}.Release|Any CPU.ActiveCfg = Release|Any CPU
		{24822525-4772-4B53-80E7-370251A86431}.Release|Any CPU.Build.0 = Release|Any CPU
		{80ACFEBA-7FAD-4D4F-9FE0-F2DF589FC1AD}.Debug|Any CPU.ActiveCfg = Debug|Any CPU
		{80ACFEBA-7FAD-4D4F-9FE0-F2DF589FC1AD}.Debug|Any CPU.Build.0 = Debug|Any CPU
		{80ACFEBA-7FAD-4D4F-9FE0-F2DF589FC1AD}.Release|Any CPU.ActiveCfg = Release|Any CPU
		{80ACFEBA-7FAD-4D4F-9FE0-F2DF589FC1AD}.Release|Any CPU.Build.0 = Release|Any CPU
		{620758B3-FD3F-4684-B608-EB65E53E24FA}.Debug|Any CPU.ActiveCfg = Debug|Any CPU
		{620758B3-FD3F-4684-B608-EB65E53E24FA}.Debug|Any CPU.Build.0 = Debug|Any CPU
		{620758B3-FD3F-4684-B608-EB65E53E24FA}.Release|Any CPU.ActiveCfg = Release|Any CPU
		{620758B3-FD3F-4684-B608-EB65E53E24FA}.Release|Any CPU.Build.0 = Release|Any CPU
	EndGlobalSection
	GlobalSection(SolutionProperties) = preSolution
		HideSolutionNode = FALSE
	EndGlobalSection
EndGlobal
